
Microsoft Visual Studio Solution File, Format Version 12.00
# Visual Studio Version 16
VisualStudioVersion = 16.0.30523.141
MinimumVisualStudioVersion = 10.0.40219.1
Project("{FAE04EC0-301F-11D3-BF4B-00C04F79EFBC}") = "Hesap Makinası", "Hesap Makinası\Hesap Makinası.csproj", "{C934394E-C1D6-4CB4-8EF5-2EB41581EB81}"
EndProject
Global
	GlobalSection(SolutionConfigurationPlatforms) = preSolution
		Debug|Any CPU = Debug|Any CPU
		Release|Any CPU = Release|Any CPU
	EndGlobalSection
	GlobalSection(ProjectConfigurationPlatforms) = postSolution
		{C934394E-C1D6-4CB4-8EF5-2EB41581EB81}.Debug|Any CPU.ActiveCfg = Debug|Any CPU
		{C934394E-C1D6-4CB4-8EF5-2EB41581EB81}.Debug|Any CPU.Build.0 = Debug|Any CPU
		{C934394E-C1D6-4CB4-8EF5-2EB41581EB81}.Release|Any CPU.ActiveCfg = Release|Any CPU
		{C934394E-C1D6-4CB4-8EF5-2EB41581EB81}.Release|Any CPU.Build.0 = Release|Any CPU
	EndGlobalSection
	GlobalSection(SolutionProperties) = preSolution
		HideSolutionNode = FALSE
	EndGlobalSection
	GlobalSection(ExtensibilityGlobals) = postSolution
		SolutionGuid = {B04C97D2-83C2-45D5-894A-F720291F2084}
	EndGlobalSection
EndGlobal
